// !$*UTF8*$!
{
	archiveVersion = 1;
	classes = {
	};
	objectVersion = 56;
	objects = {

/* Begin PBXBuildFile section */
		C30531512B75FA88000A5B52 /* MovieFilter.swift in Sources */ = {isa = PBXBuildFile; fileRef = C30531502B75FA88000A5B52 /* MovieFilter.swift */; };
		C30531552B760905000A5B52 /* SearchBar.swift in Sources */ = {isa = PBXBuildFile; fileRef = C30531542B760905000A5B52 /* SearchBar.swift */; };
		C305315A2B7657BB000A5B52 /* Tab.swift in Sources */ = {isa = PBXBuildFile; fileRef = C30531592B7657BB000A5B52 /* Tab.swift */; };
		C326AE0D2B7DEA6400567027 /* PostSuccessResponse.swift in Sources */ = {isa = PBXBuildFile; fileRef = C326AE0C2B7DEA6400567027 /* PostSuccessResponse.swift */; };
		C326AE112B7DF36800567027 /* WatchListViewModel.swift in Sources */ = {isa = PBXBuildFile; fileRef = C326AE102B7DF36800567027 /* WatchListViewModel.swift */; };
		C326AE132B7DF74100567027 /* WatchlistMoviesTableView.swift in Sources */ = {isa = PBXBuildFile; fileRef = C326AE122B7DF74100567027 /* WatchlistMoviesTableView.swift */; };
		C326AE182B7E2FE700567027 /* ViewController+Extension.swift in Sources */ = {isa = PBXBuildFile; fileRef = C326AE172B7E2FE700567027 /* ViewController+Extension.swift */; };
		C32B62E22B7B36C000146E4C /* MovieFeatureView.swift in Sources */ = {isa = PBXBuildFile; fileRef = C32B62E12B7B36C000146E4C /* MovieFeatureView.swift */; };
		C32B62E42B7B468200146E4C /* String+Extension.swift in Sources */ = {isa = PBXBuildFile; fileRef = C32B62E32B7B468200146E4C /* String+Extension.swift */; };
		C32B62E62B7B516400146E4C /* BlankStateView.swift in Sources */ = {isa = PBXBuildFile; fileRef = C32B62E52B7B516400146E4C /* BlankStateView.swift */; };
		C32B62E82B7B559100146E4C /* TableView+Extension.swift in Sources */ = {isa = PBXBuildFile; fileRef = C32B62E72B7B559100146E4C /* TableView+Extension.swift */; };
		C32B62EA2B7B7ADE00146E4C /* BlankState.swift in Sources */ = {isa = PBXBuildFile; fileRef = C32B62E92B7B7ADE00146E4C /* BlankState.swift */; };
		C3455B9A2B7213F700039773 /* HomeViewModel.swift in Sources */ = {isa = PBXBuildFile; fileRef = C3455B992B7213F700039773 /* HomeViewModel.swift */; };
		C35ECF032B73555A0029E910 /* TrendingMovieCell.swift in Sources */ = {isa = PBXBuildFile; fileRef = C35ECF022B73555A0029E910 /* TrendingMovieCell.swift */; };
		C35ECF052B7356590029E910 /* SearchHeaderView.swift in Sources */ = {isa = PBXBuildFile; fileRef = C35ECF042B7356590029E910 /* SearchHeaderView.swift */; };
		C35ECF092B736EFF0029E910 /* MovieCell.swift in Sources */ = {isa = PBXBuildFile; fileRef = C35ECF082B736EFF0029E910 /* MovieCell.swift */; };
		C35ECF0B2B738D8F0029E910 /* Label+Extension.swift in Sources */ = {isa = PBXBuildFile; fileRef = C35ECF0A2B738D8F0029E910 /* Label+Extension.swift */; };
		C35ECF0E2B7391B20029E910 /* Kingfisher in Frameworks */ = {isa = PBXBuildFile; productRef = C35ECF0D2B7391B20029E910 /* Kingfisher */; };
		C35ECF102B7391DB0029E910 /* ImageView+Extension.swift in Sources */ = {isa = PBXBuildFile; fileRef = C35ECF0F2B7391DB0029E910 /* ImageView+Extension.swift */; };
		C35ECF132B73B8BD0029E910 /* Dictionary+Extension.swift in Sources */ = {isa = PBXBuildFile; fileRef = C35ECF122B73B8BD0029E910 /* Dictionary+Extension.swift */; };
		C365FDBE2B7F4A360033D24E /* Notification+Extension.swift in Sources */ = {isa = PBXBuildFile; fileRef = C365FDBD2B7F4A360033D24E /* Notification+Extension.swift */; };
		C36885632B72BC350037BB05 /* MoviesCollectionView.swift in Sources */ = {isa = PBXBuildFile; fileRef = C36885622B72BC350037BB05 /* MoviesCollectionView.swift */; };
		C36E3A0F2B6B7598002987E7 /* AppDelegate.swift in Sources */ = {isa = PBXBuildFile; fileRef = C36E3A0E2B6B7598002987E7 /* AppDelegate.swift */; };
		C36E3A112B6B7598002987E7 /* SceneDelegate.swift in Sources */ = {isa = PBXBuildFile; fileRef = C36E3A102B6B7598002987E7 /* SceneDelegate.swift */; };
		C36E3A182B6B759B002987E7 /* Assets.xcassets in Resources */ = {isa = PBXBuildFile; fileRef = C36E3A172B6B759B002987E7 /* Assets.xcassets */; };
		C36E3A1B2B6B759B002987E7 /* LaunchScreen.storyboard in Resources */ = {isa = PBXBuildFile; fileRef = C36E3A192B6B759B002987E7 /* LaunchScreen.storyboard */; };
		C36E3A262B6B759B002987E7 /* MoviesAppTests.swift in Sources */ = {isa = PBXBuildFile; fileRef = C36E3A252B6B759B002987E7 /* MoviesAppTests.swift */; };
		C36E3A302B6B759B002987E7 /* MoviesAppUITests.swift in Sources */ = {isa = PBXBuildFile; fileRef = C36E3A2F2B6B759B002987E7 /* MoviesAppUITests.swift */; };
		C36E3A322B6B759B002987E7 /* MoviesAppUITestsLaunchTests.swift in Sources */ = {isa = PBXBuildFile; fileRef = C36E3A312B6B759B002987E7 /* MoviesAppUITestsLaunchTests.swift */; };
		C36E3A482B6B87C5002987E7 /* HomeCoordinator.swift in Sources */ = {isa = PBXBuildFile; fileRef = C36E3A472B6B87C5002987E7 /* HomeCoordinator.swift */; };
		C36E3A4D2B6B8851002987E7 /* HomeViewController.swift in Sources */ = {isa = PBXBuildFile; fileRef = C36E3A4C2B6B8851002987E7 /* HomeViewController.swift */; };
		C36E3A532B6B8C3D002987E7 /* SearchCoordinator.swift in Sources */ = {isa = PBXBuildFile; fileRef = C36E3A522B6B8C3D002987E7 /* SearchCoordinator.swift */; };
		C36E3A552B6B8C80002987E7 /* SearchViewController.swift in Sources */ = {isa = PBXBuildFile; fileRef = C36E3A542B6B8C80002987E7 /* SearchViewController.swift */; };
		C36E3A592B6B9BA3002987E7 /* Image+Extension.swift in Sources */ = {isa = PBXBuildFile; fileRef = C36E3A582B6B9BA3002987E7 /* Image+Extension.swift */; };
		C36E3A5B2B6BA178002987E7 /* Color+Extension.swift in Sources */ = {isa = PBXBuildFile; fileRef = C36E3A5A2B6BA178002987E7 /* Color+Extension.swift */; };
		C36E3A5D2B6BA890002987E7 /* View+Extension.swift in Sources */ = {isa = PBXBuildFile; fileRef = C36E3A5C2B6BA890002987E7 /* View+Extension.swift */; };
		C36E3A5F2B6BADDB002987E7 /* WatchlistCoordinator.swift in Sources */ = {isa = PBXBuildFile; fileRef = C36E3A5E2B6BADDB002987E7 /* WatchlistCoordinator.swift */; };
		C36E3A612B6BAE6B002987E7 /* WatchlistViewController.swift in Sources */ = {isa = PBXBuildFile; fileRef = C36E3A602B6BAE6B002987E7 /* WatchlistViewController.swift */; };
		C36E3A632B6BB838002987E7 /* CALayer+Extension.swift in Sources */ = {isa = PBXBuildFile; fileRef = C36E3A622B6BB838002987E7 /* CALayer+Extension.swift */; };
		C36E3A762B6BBA42002987E7 /* Poppins-Italic.ttf in Resources */ = {isa = PBXBuildFile; fileRef = C36E3A642B6BBA40002987E7 /* Poppins-Italic.ttf */; };
		C36E3A772B6BBA42002987E7 /* Poppins-Bold.ttf in Resources */ = {isa = PBXBuildFile; fileRef = C36E3A652B6BBA40002987E7 /* Poppins-Bold.ttf */; };
		C36E3A782B6BBA42002987E7 /* Poppins-Thin.ttf in Resources */ = {isa = PBXBuildFile; fileRef = C36E3A662B6BBA40002987E7 /* Poppins-Thin.ttf */; };
		C36E3A792B6BBA42002987E7 /* Poppins-Regular.ttf in Resources */ = {isa = PBXBuildFile; fileRef = C36E3A672B6BBA40002987E7 /* Poppins-Regular.ttf */; };
		C36E3A7A2B6BBA42002987E7 /* Poppins-ExtraBoldItalic.ttf in Resources */ = {isa = PBXBuildFile; fileRef = C36E3A682B6BBA41002987E7 /* Poppins-ExtraBoldItalic.ttf */; };
		C36E3A7B2B6BBA42002987E7 /* Poppins-Black.ttf in Resources */ = {isa = PBXBuildFile; fileRef = C36E3A692B6BBA41002987E7 /* Poppins-Black.ttf */; };
		C36E3A7C2B6BBA42002987E7 /* Poppins-Light.ttf in Resources */ = {isa = PBXBuildFile; fileRef = C36E3A6A2B6BBA41002987E7 /* Poppins-Light.ttf */; };
		C36E3A7D2B6BBA42002987E7 /* Poppins-BlackItalic.ttf in Resources */ = {isa = PBXBuildFile; fileRef = C36E3A6B2B6BBA41002987E7 /* Poppins-BlackItalic.ttf */; };
		C36E3A7E2B6BBA42002987E7 /* Poppins-ExtraBold.ttf in Resources */ = {isa = PBXBuildFile; fileRef = C36E3A6C2B6BBA41002987E7 /* Poppins-ExtraBold.ttf */; };
		C36E3A7F2B6BBA42002987E7 /* Poppins-SemiBold.ttf in Resources */ = {isa = PBXBuildFile; fileRef = C36E3A6D2B6BBA41002987E7 /* Poppins-SemiBold.ttf */; };
		C36E3A802B6BBA42002987E7 /* Poppins-Medium.ttf in Resources */ = {isa = PBXBuildFile; fileRef = C36E3A6E2B6BBA41002987E7 /* Poppins-Medium.ttf */; };
		C36E3A812B6BBA42002987E7 /* Poppins-BoldItalic.ttf in Resources */ = {isa = PBXBuildFile; fileRef = C36E3A6F2B6BBA41002987E7 /* Poppins-BoldItalic.ttf */; };
		C36E3A822B6BBA42002987E7 /* Poppins-ThinItalic.ttf in Resources */ = {isa = PBXBuildFile; fileRef = C36E3A702B6BBA41002987E7 /* Poppins-ThinItalic.ttf */; };
		C36E3A832B6BBA42002987E7 /* Poppins-LightItalic.ttf in Resources */ = {isa = PBXBuildFile; fileRef = C36E3A712B6BBA41002987E7 /* Poppins-LightItalic.ttf */; };
		C36E3A842B6BBA42002987E7 /* Poppins-ExtraLightItalic.ttf in Resources */ = {isa = PBXBuildFile; fileRef = C36E3A722B6BBA41002987E7 /* Poppins-ExtraLightItalic.ttf */; };
		C36E3A852B6BBA42002987E7 /* Poppins-MediumItalic.ttf in Resources */ = {isa = PBXBuildFile; fileRef = C36E3A732B6BBA41002987E7 /* Poppins-MediumItalic.ttf */; };
		C36E3A862B6BBA42002987E7 /* Poppins-ExtraLight.ttf in Resources */ = {isa = PBXBuildFile; fileRef = C36E3A742B6BBA42002987E7 /* Poppins-ExtraLight.ttf */; };
		C36E3A872B6BBA42002987E7 /* Poppins-SemiBoldItalic.ttf in Resources */ = {isa = PBXBuildFile; fileRef = C36E3A752B6BBA42002987E7 /* Poppins-SemiBoldItalic.ttf */; };
		C36E3A892B6BBABC002987E7 /* Poppins.swift in Sources */ = {isa = PBXBuildFile; fileRef = C36E3A882B6BBABC002987E7 /* Poppins.swift */; };
		C36E3A8F2B6BC885002987E7 /* helpers.swift in Sources */ = {isa = PBXBuildFile; fileRef = C36E3A8E2B6BC885002987E7 /* helpers.swift */; };
		C36E3A912B6BD318002987E7 /* BarItem+Extension.swift in Sources */ = {isa = PBXBuildFile; fileRef = C36E3A902B6BD318002987E7 /* BarItem+Extension.swift */; };
		C36E3A952B6CC74B002987E7 /* RequestMethod.swift in Sources */ = {isa = PBXBuildFile; fileRef = C36E3A942B6CC74B002987E7 /* RequestMethod.swift */; };
		C36E3A9C2B6CCE46002987E7 /* NetworkEndpoint.swift in Sources */ = {isa = PBXBuildFile; fileRef = C36E3A9B2B6CCE46002987E7 /* NetworkEndpoint.swift */; };
		C36E3A9E2B6CD35F002987E7 /* Bool+Extension.swift in Sources */ = {isa = PBXBuildFile; fileRef = C36E3A9D2B6CD35F002987E7 /* Bool+Extension.swift */; };
		C36E3AA02B6CD695002987E7 /* NetworkServiceManager.swift in Sources */ = {isa = PBXBuildFile; fileRef = C36E3A9F2B6CD695002987E7 /* NetworkServiceManager.swift */; };
		C36E3AA22B6CDB64002987E7 /* NetworkError.swift in Sources */ = {isa = PBXBuildFile; fileRef = C36E3AA12B6CDB64002987E7 /* NetworkError.swift */; };
		C36E3AA52B6D0691002987E7 /* TMDBEndPoint.swift in Sources */ = {isa = PBXBuildFile; fileRef = C36E3AA42B6D0691002987E7 /* TMDBEndPoint.swift */; };
		C36E3AA72B6D07CE002987E7 /* TMDBConstants.swift in Sources */ = {isa = PBXBuildFile; fileRef = C36E3AA62B6D07CE002987E7 /* TMDBConstants.swift */; };
		C36E3AA92B6D0852002987E7 /* TMDBServiceManager.swift in Sources */ = {isa = PBXBuildFile; fileRef = C36E3AA82B6D0852002987E7 /* TMDBServiceManager.swift */; };
		C36E3AAB2B6D14D3002987E7 /* Movie.swift in Sources */ = {isa = PBXBuildFile; fileRef = C36E3AAA2B6D14D3002987E7 /* Movie.swift */; };
		C39ABF882B7BE51E005E379F /* MovieDetailsViewController.swift in Sources */ = {isa = PBXBuildFile; fileRef = C39ABF872B7BE51E005E379F /* MovieDetailsViewController.swift */; };
		C39ABF8A2B7BE573005E379F /* MovieDetailsCoordinator.swift in Sources */ = {isa = PBXBuildFile; fileRef = C39ABF892B7BE573005E379F /* MovieDetailsCoordinator.swift */; };
		C3A4935F2B8332E100C13416 /* LoadingIndicatorCell.swift in Sources */ = {isa = PBXBuildFile; fileRef = C3A4935E2B8332E100C13416 /* LoadingIndicatorCell.swift */; };
		C3AFCE1B2B7A0EF2002B3272 /* Optional+Extension.swift in Sources */ = {isa = PBXBuildFile; fileRef = C3AFCE1A2B7A0EF2002B3272 /* Optional+Extension.swift */; };
		C3AFCE1D2B7A54EB002B3272 /* MoviesTableView.swift in Sources */ = {isa = PBXBuildFile; fileRef = C3AFCE1C2B7A54EB002B3272 /* MoviesTableView.swift */; };
		C3AFCE202B7A56B5002B3272 /* MovieTableViewCell.swift in Sources */ = {isa = PBXBuildFile; fileRef = C3AFCE1F2B7A56B5002B3272 /* MovieTableViewCell.swift */; };
		C3AFCE262B7A5DEF002B3272 /* SearchViewModel.swift in Sources */ = {isa = PBXBuildFile; fileRef = C3AFCE252B7A5DEF002B3272 /* SearchViewModel.swift */; };
		C3BF71C32B7B8AE7004AF3A6 /* SearchMoviesTableView.swift in Sources */ = {isa = PBXBuildFile; fileRef = C3BF71C22B7B8AE7004AF3A6 /* SearchMoviesTableView.swift */; };
		C3C624172B7C96F800BA4062 /* TabBarController.swift in Sources */ = {isa = PBXBuildFile; fileRef = C3C624162B7C96F800BA4062 /* TabBarController.swift */; };
		C3C6241B2B7C988300BA4062 /* Coordinator.swift in Sources */ = {isa = PBXBuildFile; fileRef = C3C6241A2B7C988300BA4062 /* Coordinator.swift */; };
		C3C6241E2B7C992F00BA4062 /* MovieDetailsViewModel.swift in Sources */ = {isa = PBXBuildFile; fileRef = C3C6241D2B7C992F00BA4062 /* MovieDetailsViewModel.swift */; };
		C3C624202B7CA17000BA4062 /* MovieDetail.swift in Sources */ = {isa = PBXBuildFile; fileRef = C3C6241F2B7CA17000BA4062 /* MovieDetail.swift */; };
		C3C624222B7CA49900BA4062 /* MovieCast.swift in Sources */ = {isa = PBXBuildFile; fileRef = C3C624212B7CA49900BA4062 /* MovieCast.swift */; };
		C3C624242B7CA52400BA4062 /* MovieReview.swift in Sources */ = {isa = PBXBuildFile; fileRef = C3C624232B7CA52400BA4062 /* MovieReview.swift */; };
		C3C624272B7CB09D00BA4062 /* MovieDetailsCollectionView.swift in Sources */ = {isa = PBXBuildFile; fileRef = C3C624262B7CB09D00BA4062 /* MovieDetailsCollectionView.swift */; };
		C3C624292B7CC26A00BA4062 /* MovieDetailsAttribute.swift in Sources */ = {isa = PBXBuildFile; fileRef = C3C624282B7CC26A00BA4062 /* MovieDetailsAttribute.swift */; };
		C3C6242B2B7CC5CF00BA4062 /* MovieAboutCell.swift in Sources */ = {isa = PBXBuildFile; fileRef = C3C6242A2B7CC5CF00BA4062 /* MovieAboutCell.swift */; };
		C3C6242D2B7CC60F00BA4062 /* MovieReviewCell.swift in Sources */ = {isa = PBXBuildFile; fileRef = C3C6242C2B7CC60F00BA4062 /* MovieReviewCell.swift */; };
		C3C6242F2B7CC63000BA4062 /* MovieCastCell.swift in Sources */ = {isa = PBXBuildFile; fileRef = C3C6242E2B7CC63000BA4062 /* MovieCastCell.swift */; };
		C3C624312B7CCAB400BA4062 /* MovieFilterAttributeCell.swift in Sources */ = {isa = PBXBuildFile; fileRef = C3C624302B7CCAB400BA4062 /* MovieFilterAttributeCell.swift */; };
		C3C624332B7CCDBB00BA4062 /* MovieOverviewCell.swift in Sources */ = {isa = PBXBuildFile; fileRef = C3C624322B7CCDBB00BA4062 /* MovieOverviewCell.swift */; };
		C3C624352B7D014800BA4062 /* BlankStateViewCell.swift in Sources */ = {isa = PBXBuildFile; fileRef = C3C624342B7D014800BA4062 /* BlankStateViewCell.swift */; };
/* End PBXBuildFile section */

/* Begin PBXContainerItemProxy section */
		C36E3A222B6B759B002987E7 /* PBXContainerItemProxy */ = {
			isa = PBXContainerItemProxy;
			containerPortal = C36E3A032B6B7598002987E7 /* Project object */;
			proxyType = 1;
			remoteGlobalIDString = C36E3A0A2B6B7598002987E7;
			remoteInfo = MoviesApp;
		};
		C36E3A2C2B6B759B002987E7 /* PBXContainerItemProxy */ = {
			isa = PBXContainerItemProxy;
			containerPortal = C36E3A032B6B7598002987E7 /* Project object */;
			proxyType = 1;
			remoteGlobalIDString = C36E3A0A2B6B7598002987E7;
			remoteInfo = MoviesApp;
		};
/* End PBXContainerItemProxy section */

/* Begin PBXFileReference section */
		C30531502B75FA88000A5B52 /* MovieFilter.swift */ = {isa = PBXFileReference; lastKnownFileType = sourcecode.swift; path = MovieFilter.swift; sourceTree = "<group>"; };
		C30531542B760905000A5B52 /* SearchBar.swift */ = {isa = PBXFileReference; lastKnownFileType = sourcecode.swift; path = SearchBar.swift; sourceTree = "<group>"; };
		C30531592B7657BB000A5B52 /* Tab.swift */ = {isa = PBXFileReference; lastKnownFileType = sourcecode.swift; path = Tab.swift; sourceTree = "<group>"; };
		C326AE0C2B7DEA6400567027 /* PostSuccessResponse.swift */ = {isa = PBXFileReference; lastKnownFileType = sourcecode.swift; path = PostSuccessResponse.swift; sourceTree = "<group>"; };
		C326AE102B7DF36800567027 /* WatchListViewModel.swift */ = {isa = PBXFileReference; lastKnownFileType = sourcecode.swift; path = WatchListViewModel.swift; sourceTree = "<group>"; };
		C326AE122B7DF74100567027 /* WatchlistMoviesTableView.swift */ = {isa = PBXFileReference; lastKnownFileType = sourcecode.swift; path = WatchlistMoviesTableView.swift; sourceTree = "<group>"; };
		C326AE172B7E2FE700567027 /* ViewController+Extension.swift */ = {isa = PBXFileReference; lastKnownFileType = sourcecode.swift; path = "ViewController+Extension.swift"; sourceTree = "<group>"; };
		C32B62E12B7B36C000146E4C /* MovieFeatureView.swift */ = {isa = PBXFileReference; lastKnownFileType = sourcecode.swift; path = MovieFeatureView.swift; sourceTree = "<group>"; };
		C32B62E32B7B468200146E4C /* String+Extension.swift */ = {isa = PBXFileReference; lastKnownFileType = sourcecode.swift; path = "String+Extension.swift"; sourceTree = "<group>"; };
		C32B62E52B7B516400146E4C /* BlankStateView.swift */ = {isa = PBXFileReference; lastKnownFileType = sourcecode.swift; path = BlankStateView.swift; sourceTree = "<group>"; };
		C32B62E72B7B559100146E4C /* TableView+Extension.swift */ = {isa = PBXFileReference; lastKnownFileType = sourcecode.swift; path = "TableView+Extension.swift"; sourceTree = "<group>"; };
		C32B62E92B7B7ADE00146E4C /* BlankState.swift */ = {isa = PBXFileReference; lastKnownFileType = sourcecode.swift; path = BlankState.swift; sourceTree = "<group>"; };
		C3455B992B7213F700039773 /* HomeViewModel.swift */ = {isa = PBXFileReference; lastKnownFileType = sourcecode.swift; path = HomeViewModel.swift; sourceTree = "<group>"; };
		C35ECF022B73555A0029E910 /* TrendingMovieCell.swift */ = {isa = PBXFileReference; lastKnownFileType = sourcecode.swift; path = TrendingMovieCell.swift; sourceTree = "<group>"; };
		C35ECF042B7356590029E910 /* SearchHeaderView.swift */ = {isa = PBXFileReference; lastKnownFileType = sourcecode.swift; path = SearchHeaderView.swift; sourceTree = "<group>"; };
		C35ECF082B736EFF0029E910 /* MovieCell.swift */ = {isa = PBXFileReference; lastKnownFileType = sourcecode.swift; path = MovieCell.swift; sourceTree = "<group>"; };
		C35ECF0A2B738D8F0029E910 /* Label+Extension.swift */ = {isa = PBXFileReference; lastKnownFileType = sourcecode.swift; path = "Label+Extension.swift"; sourceTree = "<group>"; };
		C35ECF0F2B7391DB0029E910 /* ImageView+Extension.swift */ = {isa = PBXFileReference; lastKnownFileType = sourcecode.swift; path = "ImageView+Extension.swift"; sourceTree = "<group>"; };
		C35ECF122B73B8BD0029E910 /* Dictionary+Extension.swift */ = {isa = PBXFileReference; lastKnownFileType = sourcecode.swift; path = "Dictionary+Extension.swift"; sourceTree = "<group>"; };
		C365FDBD2B7F4A360033D24E /* Notification+Extension.swift */ = {isa = PBXFileReference; lastKnownFileType = sourcecode.swift; path = "Notification+Extension.swift"; sourceTree = "<group>"; };
		C36885622B72BC350037BB05 /* MoviesCollectionView.swift */ = {isa = PBXFileReference; lastKnownFileType = sourcecode.swift; path = MoviesCollectionView.swift; sourceTree = "<group>"; };
		C36E3A0B2B6B7598002987E7 /* MoviesApp.app */ = {isa = PBXFileReference; explicitFileType = wrapper.application; includeInIndex = 0; path = MoviesApp.app; sourceTree = BUILT_PRODUCTS_DIR; };
		C36E3A0E2B6B7598002987E7 /* AppDelegate.swift */ = {isa = PBXFileReference; lastKnownFileType = sourcecode.swift; path = AppDelegate.swift; sourceTree = "<group>"; };
		C36E3A102B6B7598002987E7 /* SceneDelegate.swift */ = {isa = PBXFileReference; lastKnownFileType = sourcecode.swift; path = SceneDelegate.swift; sourceTree = "<group>"; };
		C36E3A172B6B759B002987E7 /* Assets.xcassets */ = {isa = PBXFileReference; lastKnownFileType = folder.assetcatalog; path = Assets.xcassets; sourceTree = "<group>"; };
		C36E3A1A2B6B759B002987E7 /* Base */ = {isa = PBXFileReference; lastKnownFileType = file.storyboard; name = Base; path = Base.lproj/LaunchScreen.storyboard; sourceTree = "<group>"; };
		C36E3A1C2B6B759B002987E7 /* Info.plist */ = {isa = PBXFileReference; lastKnownFileType = text.plist.xml; path = Info.plist; sourceTree = "<group>"; };
		C36E3A212B6B759B002987E7 /* MoviesAppTests.xctest */ = {isa = PBXFileReference; explicitFileType = wrapper.cfbundle; includeInIndex = 0; path = MoviesAppTests.xctest; sourceTree = BUILT_PRODUCTS_DIR; };
		C36E3A252B6B759B002987E7 /* MoviesAppTests.swift */ = {isa = PBXFileReference; lastKnownFileType = sourcecode.swift; path = MoviesAppTests.swift; sourceTree = "<group>"; };
		C36E3A2B2B6B759B002987E7 /* MoviesAppUITests.xctest */ = {isa = PBXFileReference; explicitFileType = wrapper.cfbundle; includeInIndex = 0; path = MoviesAppUITests.xctest; sourceTree = BUILT_PRODUCTS_DIR; };
		C36E3A2F2B6B759B002987E7 /* MoviesAppUITests.swift */ = {isa = PBXFileReference; lastKnownFileType = sourcecode.swift; path = MoviesAppUITests.swift; sourceTree = "<group>"; };
		C36E3A312B6B759B002987E7 /* MoviesAppUITestsLaunchTests.swift */ = {isa = PBXFileReference; lastKnownFileType = sourcecode.swift; path = MoviesAppUITestsLaunchTests.swift; sourceTree = "<group>"; };
		C36E3A472B6B87C5002987E7 /* HomeCoordinator.swift */ = {isa = PBXFileReference; lastKnownFileType = sourcecode.swift; path = HomeCoordinator.swift; sourceTree = "<group>"; };
		C36E3A4C2B6B8851002987E7 /* HomeViewController.swift */ = {isa = PBXFileReference; lastKnownFileType = sourcecode.swift; path = HomeViewController.swift; sourceTree = "<group>"; };
		C36E3A522B6B8C3D002987E7 /* SearchCoordinator.swift */ = {isa = PBXFileReference; lastKnownFileType = sourcecode.swift; path = SearchCoordinator.swift; sourceTree = "<group>"; };
		C36E3A542B6B8C80002987E7 /* SearchViewController.swift */ = {isa = PBXFileReference; lastKnownFileType = sourcecode.swift; path = SearchViewController.swift; sourceTree = "<group>"; };
		C36E3A582B6B9BA3002987E7 /* Image+Extension.swift */ = {isa = PBXFileReference; lastKnownFileType = sourcecode.swift; path = "Image+Extension.swift"; sourceTree = "<group>"; };
		C36E3A5A2B6BA178002987E7 /* Color+Extension.swift */ = {isa = PBXFileReference; lastKnownFileType = sourcecode.swift; path = "Color+Extension.swift"; sourceTree = "<group>"; };
		C36E3A5C2B6BA890002987E7 /* View+Extension.swift */ = {isa = PBXFileReference; lastKnownFileType = sourcecode.swift; path = "View+Extension.swift"; sourceTree = "<group>"; };
		C36E3A5E2B6BADDB002987E7 /* WatchlistCoordinator.swift */ = {isa = PBXFileReference; lastKnownFileType = sourcecode.swift; path = WatchlistCoordinator.swift; sourceTree = "<group>"; };
		C36E3A602B6BAE6B002987E7 /* WatchlistViewController.swift */ = {isa = PBXFileReference; lastKnownFileType = sourcecode.swift; path = WatchlistViewController.swift; sourceTree = "<group>"; };
		C36E3A622B6BB838002987E7 /* CALayer+Extension.swift */ = {isa = PBXFileReference; lastKnownFileType = sourcecode.swift; path = "CALayer+Extension.swift"; sourceTree = "<group>"; };
		C36E3A642B6BBA40002987E7 /* Poppins-Italic.ttf */ = {isa = PBXFileReference; lastKnownFileType = file; path = "Poppins-Italic.ttf"; sourceTree = "<group>"; };
		C36E3A652B6BBA40002987E7 /* Poppins-Bold.ttf */ = {isa = PBXFileReference; lastKnownFileType = file; path = "Poppins-Bold.ttf"; sourceTree = "<group>"; };
		C36E3A662B6BBA40002987E7 /* Poppins-Thin.ttf */ = {isa = PBXFileReference; lastKnownFileType = file; path = "Poppins-Thin.ttf"; sourceTree = "<group>"; };
		C36E3A672B6BBA40002987E7 /* Poppins-Regular.ttf */ = {isa = PBXFileReference; lastKnownFileType = file; path = "Poppins-Regular.ttf"; sourceTree = "<group>"; };
		C36E3A682B6BBA41002987E7 /* Poppins-ExtraBoldItalic.ttf */ = {isa = PBXFileReference; lastKnownFileType = file; path = "Poppins-ExtraBoldItalic.ttf"; sourceTree = "<group>"; };
		C36E3A692B6BBA41002987E7 /* Poppins-Black.ttf */ = {isa = PBXFileReference; lastKnownFileType = file; path = "Poppins-Black.ttf"; sourceTree = "<group>"; };
		C36E3A6A2B6BBA41002987E7 /* Poppins-Light.ttf */ = {isa = PBXFileReference; lastKnownFileType = file; path = "Poppins-Light.ttf"; sourceTree = "<group>"; };
		C36E3A6B2B6BBA41002987E7 /* Poppins-BlackItalic.ttf */ = {isa = PBXFileReference; lastKnownFileType = file; path = "Poppins-BlackItalic.ttf"; sourceTree = "<group>"; };
		C36E3A6C2B6BBA41002987E7 /* Poppins-ExtraBold.ttf */ = {isa = PBXFileReference; lastKnownFileType = file; path = "Poppins-ExtraBold.ttf"; sourceTree = "<group>"; };
		C36E3A6D2B6BBA41002987E7 /* Poppins-SemiBold.ttf */ = {isa = PBXFileReference; lastKnownFileType = file; path = "Poppins-SemiBold.ttf"; sourceTree = "<group>"; };
		C36E3A6E2B6BBA41002987E7 /* Poppins-Medium.ttf */ = {isa = PBXFileReference; lastKnownFileType = file; path = "Poppins-Medium.ttf"; sourceTree = "<group>"; };
		C36E3A6F2B6BBA41002987E7 /* Poppins-BoldItalic.ttf */ = {isa = PBXFileReference; lastKnownFileType = file; path = "Poppins-BoldItalic.ttf"; sourceTree = "<group>"; };
		C36E3A702B6BBA41002987E7 /* Poppins-ThinItalic.ttf */ = {isa = PBXFileReference; lastKnownFileType = file; path = "Poppins-ThinItalic.ttf"; sourceTree = "<group>"; };
		C36E3A712B6BBA41002987E7 /* Poppins-LightItalic.ttf */ = {isa = PBXFileReference; lastKnownFileType = file; path = "Poppins-LightItalic.ttf"; sourceTree = "<group>"; };
		C36E3A722B6BBA41002987E7 /* Poppins-ExtraLightItalic.ttf */ = {isa = PBXFileReference; lastKnownFileType = file; path = "Poppins-ExtraLightItalic.ttf"; sourceTree = "<group>"; };
		C36E3A732B6BBA41002987E7 /* Poppins-MediumItalic.ttf */ = {isa = PBXFileReference; lastKnownFileType = file; path = "Poppins-MediumItalic.ttf"; sourceTree = "<group>"; };
		C36E3A742B6BBA42002987E7 /* Poppins-ExtraLight.ttf */ = {isa = PBXFileReference; lastKnownFileType = file; path = "Poppins-ExtraLight.ttf"; sourceTree = "<group>"; };
		C36E3A752B6BBA42002987E7 /* Poppins-SemiBoldItalic.ttf */ = {isa = PBXFileReference; lastKnownFileType = file; path = "Poppins-SemiBoldItalic.ttf"; sourceTree = "<group>"; };
		C36E3A882B6BBABC002987E7 /* Poppins.swift */ = {isa = PBXFileReference; lastKnownFileType = sourcecode.swift; path = Poppins.swift; sourceTree = "<group>"; };
		C36E3A8E2B6BC885002987E7 /* helpers.swift */ = {isa = PBXFileReference; lastKnownFileType = sourcecode.swift; path = helpers.swift; sourceTree = "<group>"; };
		C36E3A902B6BD318002987E7 /* BarItem+Extension.swift */ = {isa = PBXFileReference; lastKnownFileType = sourcecode.swift; path = "BarItem+Extension.swift"; sourceTree = "<group>"; };
		C36E3A942B6CC74B002987E7 /* RequestMethod.swift */ = {isa = PBXFileReference; lastKnownFileType = sourcecode.swift; path = RequestMethod.swift; sourceTree = "<group>"; };
		C36E3A9B2B6CCE46002987E7 /* NetworkEndpoint.swift */ = {isa = PBXFileReference; lastKnownFileType = sourcecode.swift; path = NetworkEndpoint.swift; sourceTree = "<group>"; };
		C36E3A9D2B6CD35F002987E7 /* Bool+Extension.swift */ = {isa = PBXFileReference; lastKnownFileType = sourcecode.swift; path = "Bool+Extension.swift"; sourceTree = "<group>"; };
		C36E3A9F2B6CD695002987E7 /* NetworkServiceManager.swift */ = {isa = PBXFileReference; lastKnownFileType = sourcecode.swift; path = NetworkServiceManager.swift; sourceTree = "<group>"; };
		C36E3AA12B6CDB64002987E7 /* NetworkError.swift */ = {isa = PBXFileReference; lastKnownFileType = sourcecode.swift; path = NetworkError.swift; sourceTree = "<group>"; };
		C36E3AA42B6D0691002987E7 /* TMDBEndPoint.swift */ = {isa = PBXFileReference; lastKnownFileType = sourcecode.swift; path = TMDBEndPoint.swift; sourceTree = "<group>"; };
		C36E3AA62B6D07CE002987E7 /* TMDBConstants.swift */ = {isa = PBXFileReference; lastKnownFileType = sourcecode.swift; path = TMDBConstants.swift; sourceTree = "<group>"; };
		C36E3AA82B6D0852002987E7 /* TMDBServiceManager.swift */ = {isa = PBXFileReference; lastKnownFileType = sourcecode.swift; path = TMDBServiceManager.swift; sourceTree = "<group>"; };
		C36E3AAA2B6D14D3002987E7 /* Movie.swift */ = {isa = PBXFileReference; lastKnownFileType = sourcecode.swift; path = Movie.swift; sourceTree = "<group>"; };
		C39ABF872B7BE51E005E379F /* MovieDetailsViewController.swift */ = {isa = PBXFileReference; lastKnownFileType = sourcecode.swift; path = MovieDetailsViewController.swift; sourceTree = "<group>"; };
		C39ABF892B7BE573005E379F /* MovieDetailsCoordinator.swift */ = {isa = PBXFileReference; lastKnownFileType = sourcecode.swift; path = MovieDetailsCoordinator.swift; sourceTree = "<group>"; };
		C3A4935E2B8332E100C13416 /* LoadingIndicatorCell.swift */ = {isa = PBXFileReference; lastKnownFileType = sourcecode.swift; path = LoadingIndicatorCell.swift; sourceTree = "<group>"; };
		C3AFCE1A2B7A0EF2002B3272 /* Optional+Extension.swift */ = {isa = PBXFileReference; lastKnownFileType = sourcecode.swift; path = "Optional+Extension.swift"; sourceTree = "<group>"; };
		C3AFCE1C2B7A54EB002B3272 /* MoviesTableView.swift */ = {isa = PBXFileReference; lastKnownFileType = sourcecode.swift; path = MoviesTableView.swift; sourceTree = "<group>"; };
		C3AFCE1F2B7A56B5002B3272 /* MovieTableViewCell.swift */ = {isa = PBXFileReference; lastKnownFileType = sourcecode.swift; path = MovieTableViewCell.swift; sourceTree = "<group>"; };
		C3AFCE252B7A5DEF002B3272 /* SearchViewModel.swift */ = {isa = PBXFileReference; lastKnownFileType = sourcecode.swift; path = SearchViewModel.swift; sourceTree = "<group>"; };
		C3BF71C22B7B8AE7004AF3A6 /* SearchMoviesTableView.swift */ = {isa = PBXFileReference; lastKnownFileType = sourcecode.swift; path = SearchMoviesTableView.swift; sourceTree = "<group>"; };
		C3C624162B7C96F800BA4062 /* TabBarController.swift */ = {isa = PBXFileReference; lastKnownFileType = sourcecode.swift; path = TabBarController.swift; sourceTree = "<group>"; };
		C3C6241A2B7C988300BA4062 /* Coordinator.swift */ = {isa = PBXFileReference; lastKnownFileType = sourcecode.swift; path = Coordinator.swift; sourceTree = "<group>"; };
		C3C6241D2B7C992F00BA4062 /* MovieDetailsViewModel.swift */ = {isa = PBXFileReference; lastKnownFileType = sourcecode.swift; path = MovieDetailsViewModel.swift; sourceTree = "<group>"; };
		C3C6241F2B7CA17000BA4062 /* MovieDetail.swift */ = {isa = PBXFileReference; lastKnownFileType = sourcecode.swift; path = MovieDetail.swift; sourceTree = "<group>"; };
		C3C624212B7CA49900BA4062 /* MovieCast.swift */ = {isa = PBXFileReference; lastKnownFileType = sourcecode.swift; path = MovieCast.swift; sourceTree = "<group>"; };
		C3C624232B7CA52400BA4062 /* MovieReview.swift */ = {isa = PBXFileReference; lastKnownFileType = sourcecode.swift; path = MovieReview.swift; sourceTree = "<group>"; };
		C3C624262B7CB09D00BA4062 /* MovieDetailsCollectionView.swift */ = {isa = PBXFileReference; lastKnownFileType = sourcecode.swift; path = MovieDetailsCollectionView.swift; sourceTree = "<group>"; };
		C3C624282B7CC26A00BA4062 /* MovieDetailsAttribute.swift */ = {isa = PBXFileReference; lastKnownFileType = sourcecode.swift; path = MovieDetailsAttribute.swift; sourceTree = "<group>"; };
		C3C6242A2B7CC5CF00BA4062 /* MovieAboutCell.swift */ = {isa = PBXFileReference; lastKnownFileType = sourcecode.swift; path = MovieAboutCell.swift; sourceTree = "<group>"; };
		C3C6242C2B7CC60F00BA4062 /* MovieReviewCell.swift */ = {isa = PBXFileReference; lastKnownFileType = sourcecode.swift; path = MovieReviewCell.swift; sourceTree = "<group>"; };
		C3C6242E2B7CC63000BA4062 /* MovieCastCell.swift */ = {isa = PBXFileReference; lastKnownFileType = sourcecode.swift; path = MovieCastCell.swift; sourceTree = "<group>"; };
		C3C624302B7CCAB400BA4062 /* MovieFilterAttributeCell.swift */ = {isa = PBXFileReference; lastKnownFileType = sourcecode.swift; path = MovieFilterAttributeCell.swift; sourceTree = "<group>"; };
		C3C624322B7CCDBB00BA4062 /* MovieOverviewCell.swift */ = {isa = PBXFileReference; lastKnownFileType = sourcecode.swift; path = MovieOverviewCell.swift; sourceTree = "<group>"; };
		C3C624342B7D014800BA4062 /* BlankStateViewCell.swift */ = {isa = PBXFileReference; lastKnownFileType = sourcecode.swift; path = BlankStateViewCell.swift; sourceTree = "<group>"; };
/* End PBXFileReference section */

/* Begin PBXFrameworksBuildPhase section */
		C36E3A082B6B7598002987E7 /* Frameworks */ = {
			isa = PBXFrameworksBuildPhase;
			buildActionMask = 2147483647;
			files = (
				C35ECF0E2B7391B20029E910 /* Kingfisher in Frameworks */,
			);
			runOnlyForDeploymentPostprocessing = 0;
		};
		C36E3A1E2B6B759B002987E7 /* Frameworks */ = {
			isa = PBXFrameworksBuildPhase;
			buildActionMask = 2147483647;
			files = (
			);
			runOnlyForDeploymentPostprocessing = 0;
		};
		C36E3A282B6B759B002987E7 /* Frameworks */ = {
			isa = PBXFrameworksBuildPhase;
			buildActionMask = 2147483647;
			files = (
			);
			runOnlyForDeploymentPostprocessing = 0;
		};
/* End PBXFrameworksBuildPhase section */

/* Begin PBXGroup section */
		C326AE0E2B7DF34600567027 /* ViewModel */ = {
			isa = PBXGroup;
			children = (
				C326AE102B7DF36800567027 /* WatchListViewModel.swift */,
			);
			path = ViewModel;
			sourceTree = "<group>";
		};
		C326AE0F2B7DF35300567027 /* Views */ = {
			isa = PBXGroup;
			children = (
				C326AE122B7DF74100567027 /* WatchlistMoviesTableView.swift */,
			);
			path = Views;
			sourceTree = "<group>";
		};
		C32B62EB2B7B894400146E4C /* Views */ = {
			isa = PBXGroup;
			children = (
				C3BF71C22B7B8AE7004AF3A6 /* SearchMoviesTableView.swift */,
			);
			path = Views;
			sourceTree = "<group>";
		};
		C3455B9B2B72157600039773 /* ViewModel */ = {
			isa = PBXGroup;
			children = (
				C3455B992B7213F700039773 /* HomeViewModel.swift */,
			);
			path = ViewModel;
			sourceTree = "<group>";
		};
		C3455B9C2B72158500039773 /* Views */ = {
			isa = PBXGroup;
			children = (
				C36885622B72BC350037BB05 /* MoviesCollectionView.swift */,
				C35ECF022B73555A0029E910 /* TrendingMovieCell.swift */,
				C35ECF042B7356590029E910 /* SearchHeaderView.swift */,
				C35ECF082B736EFF0029E910 /* MovieCell.swift */,
				C3A4935E2B8332E100C13416 /* LoadingIndicatorCell.swift */,
			);
			path = Views;
			sourceTree = "<group>";
		};
		C36E3A022B6B7598002987E7 = {
			isa = PBXGroup;
			children = (
				C36E3A0D2B6B7598002987E7 /* MoviesApp */,
				C36E3A242B6B759B002987E7 /* MoviesAppTests */,
				C36E3A2E2B6B759B002987E7 /* MoviesAppUITests */,
				C36E3A0C2B6B7598002987E7 /* Products */,
			);
			sourceTree = "<group>";
		};
		C36E3A0C2B6B7598002987E7 /* Products */ = {
			isa = PBXGroup;
			children = (
				C36E3A0B2B6B7598002987E7 /* MoviesApp.app */,
				C36E3A212B6B759B002987E7 /* MoviesAppTests.xctest */,
				C36E3A2B2B6B759B002987E7 /* MoviesAppUITests.xctest */,
			);
			name = Products;
			sourceTree = "<group>";
		};
		C36E3A0D2B6B7598002987E7 /* MoviesApp */ = {
			isa = PBXGroup;
			children = (
				C3C624192B7C987600BA4062 /* Protocols */,
				C36E3A922B6CC2A1002987E7 /* Services */,
				C36E3A8C2B6BC853002987E7 /* Utilities */,
				C36E3A452B6B86D4002987E7 /* Screens */,
				C36E3A422B6B780F002987E7 /* Fonts */,
				C36E3A402B6B7787002987E7 /* Views */,
				C36E3A3F2B6B777E002987E7 /* Extensions */,
				C36E3A3E2B6B7774002987E7 /* Models */,
				C36E3A0E2B6B7598002987E7 /* AppDelegate.swift */,
				C36E3A102B6B7598002987E7 /* SceneDelegate.swift */,
				C36E3A172B6B759B002987E7 /* Assets.xcassets */,
				C36E3A192B6B759B002987E7 /* LaunchScreen.storyboard */,
				C36E3A1C2B6B759B002987E7 /* Info.plist */,
				C3C624162B7C96F800BA4062 /* TabBarController.swift */,
			);
			path = MoviesApp;
			sourceTree = "<group>";
		};
		C36E3A242B6B759B002987E7 /* MoviesAppTests */ = {
			isa = PBXGroup;
			children = (
				C36E3A252B6B759B002987E7 /* MoviesAppTests.swift */,
			);
			path = MoviesAppTests;
			sourceTree = "<group>";
		};
		C36E3A2E2B6B759B002987E7 /* MoviesAppUITests */ = {
			isa = PBXGroup;
			children = (
				C36E3A2F2B6B759B002987E7 /* MoviesAppUITests.swift */,
				C36E3A312B6B759B002987E7 /* MoviesAppUITestsLaunchTests.swift */,
			);
			path = MoviesAppUITests;
			sourceTree = "<group>";
		};
		C36E3A3E2B6B7774002987E7 /* Models */ = {
			isa = PBXGroup;
			children = (
				C36E3A882B6BBABC002987E7 /* Poppins.swift */,
				C36E3AAA2B6D14D3002987E7 /* Movie.swift */,
				C30531502B75FA88000A5B52 /* MovieFilter.swift */,
				C30531592B7657BB000A5B52 /* Tab.swift */,
				C32B62E92B7B7ADE00146E4C /* BlankState.swift */,
				C3C6241F2B7CA17000BA4062 /* MovieDetail.swift */,
				C3C624212B7CA49900BA4062 /* MovieCast.swift */,
				C3C624232B7CA52400BA4062 /* MovieReview.swift */,
				C3C624282B7CC26A00BA4062 /* MovieDetailsAttribute.swift */,
				C326AE0C2B7DEA6400567027 /* PostSuccessResponse.swift */,
			);
			path = Models;
			sourceTree = "<group>";
		};
		C36E3A3F2B6B777E002987E7 /* Extensions */ = {
			isa = PBXGroup;
			children = (
				C36E3A582B6B9BA3002987E7 /* Image+Extension.swift */,
				C36E3A5A2B6BA178002987E7 /* Color+Extension.swift */,
				C36E3A5C2B6BA890002987E7 /* View+Extension.swift */,
				C36E3A622B6BB838002987E7 /* CALayer+Extension.swift */,
				C36E3A902B6BD318002987E7 /* BarItem+Extension.swift */,
				C36E3A9D2B6CD35F002987E7 /* Bool+Extension.swift */,
				C35ECF0A2B738D8F0029E910 /* Label+Extension.swift */,
				C35ECF0F2B7391DB0029E910 /* ImageView+Extension.swift */,
				C35ECF122B73B8BD0029E910 /* Dictionary+Extension.swift */,
				C3AFCE1A2B7A0EF2002B3272 /* Optional+Extension.swift */,
				C32B62E32B7B468200146E4C /* String+Extension.swift */,
				C32B62E72B7B559100146E4C /* TableView+Extension.swift */,
				C326AE172B7E2FE700567027 /* ViewController+Extension.swift */,
				C365FDBD2B7F4A360033D24E /* Notification+Extension.swift */,
			);
			path = Extensions;
			sourceTree = "<group>";
		};
		C36E3A402B6B7787002987E7 /* Views */ = {
			isa = PBXGroup;
			children = (
				C3AFCE1E2B7A565E002B3272 /* MovieTableView */,
				C30531542B760905000A5B52 /* SearchBar.swift */,
				C32B62E12B7B36C000146E4C /* MovieFeatureView.swift */,
				C3C624302B7CCAB400BA4062 /* MovieFilterAttributeCell.swift */,
			);
			path = Views;
			sourceTree = "<group>";
		};
		C36E3A422B6B780F002987E7 /* Fonts */ = {
			isa = PBXGroup;
			children = (
				C36E3A692B6BBA41002987E7 /* Poppins-Black.ttf */,
				C36E3A6B2B6BBA41002987E7 /* Poppins-BlackItalic.ttf */,
				C36E3A652B6BBA40002987E7 /* Poppins-Bold.ttf */,
				C36E3A6F2B6BBA41002987E7 /* Poppins-BoldItalic.ttf */,
				C36E3A6C2B6BBA41002987E7 /* Poppins-ExtraBold.ttf */,
				C36E3A682B6BBA41002987E7 /* Poppins-ExtraBoldItalic.ttf */,
				C36E3A742B6BBA42002987E7 /* Poppins-ExtraLight.ttf */,
				C36E3A722B6BBA41002987E7 /* Poppins-ExtraLightItalic.ttf */,
				C36E3A642B6BBA40002987E7 /* Poppins-Italic.ttf */,
				C36E3A6A2B6BBA41002987E7 /* Poppins-Light.ttf */,
				C36E3A712B6BBA41002987E7 /* Poppins-LightItalic.ttf */,
				C36E3A6E2B6BBA41002987E7 /* Poppins-Medium.ttf */,
				C36E3A732B6BBA41002987E7 /* Poppins-MediumItalic.ttf */,
				C36E3A672B6BBA40002987E7 /* Poppins-Regular.ttf */,
				C36E3A6D2B6BBA41002987E7 /* Poppins-SemiBold.ttf */,
				C36E3A752B6BBA42002987E7 /* Poppins-SemiBoldItalic.ttf */,
				C36E3A662B6BBA40002987E7 /* Poppins-Thin.ttf */,
				C36E3A702B6BBA41002987E7 /* Poppins-ThinItalic.ttf */,
			);
			path = Fonts;
			sourceTree = "<group>";
		};
		C36E3A452B6B86D4002987E7 /* Screens */ = {
			isa = PBXGroup;
			children = (
				C36E3A4B2B6B8813002987E7 /* MovieDetails */,
				C36E3A4A2B6B880B002987E7 /* Watchlist */,
				C36E3A492B6B87FD002987E7 /* Search */,
				C36E3A462B6B871A002987E7 /* Home */,
			);
			path = Screens;
			sourceTree = "<group>";
		};
		C36E3A462B6B871A002987E7 /* Home */ = {
			isa = PBXGroup;
			children = (
				C3455B9C2B72158500039773 /* Views */,
				C3455B9B2B72157600039773 /* ViewModel */,
				C36E3A472B6B87C5002987E7 /* HomeCoordinator.swift */,
				C36E3A4C2B6B8851002987E7 /* HomeViewController.swift */,
			);
			path = Home;
			sourceTree = "<group>";
		};
		C36E3A492B6B87FD002987E7 /* Search */ = {
			isa = PBXGroup;
			children = (
				C32B62EB2B7B894400146E4C /* Views */,
				C3AFCE242B7A5DD5002B3272 /* ViewModel */,
				C36E3A522B6B8C3D002987E7 /* SearchCoordinator.swift */,
				C36E3A542B6B8C80002987E7 /* SearchViewController.swift */,
			);
			path = Search;
			sourceTree = "<group>";
		};
		C36E3A4A2B6B880B002987E7 /* Watchlist */ = {
			isa = PBXGroup;
			children = (
				C326AE0F2B7DF35300567027 /* Views */,
				C326AE0E2B7DF34600567027 /* ViewModel */,
				C36E3A5E2B6BADDB002987E7 /* WatchlistCoordinator.swift */,
				C36E3A602B6BAE6B002987E7 /* WatchlistViewController.swift */,
			);
			path = Watchlist;
			sourceTree = "<group>";
		};
		C36E3A4B2B6B8813002987E7 /* MovieDetails */ = {
			isa = PBXGroup;
			children = (
				C3C624252B7CB08200BA4062 /* Views */,
				C3C6241C2B7C992200BA4062 /* ViewModel */,
				C39ABF872B7BE51E005E379F /* MovieDetailsViewController.swift */,
				C39ABF892B7BE573005E379F /* MovieDetailsCoordinator.swift */,
			);
			path = MovieDetails;
			sourceTree = "<group>";
		};
		C36E3A8C2B6BC853002987E7 /* Utilities */ = {
			isa = PBXGroup;
			children = (
				C36E3A8E2B6BC885002987E7 /* helpers.swift */,
			);
			path = Utilities;
			sourceTree = "<group>";
		};
		C36E3A922B6CC2A1002987E7 /* Services */ = {
			isa = PBXGroup;
			children = (
				C36E3AA32B6D066C002987E7 /* TMDBService */,
				C36E3A932B6CC72C002987E7 /* NetworkService */,
			);
			path = Services;
			sourceTree = "<group>";
		};
		C36E3A932B6CC72C002987E7 /* NetworkService */ = {
			isa = PBXGroup;
			children = (
				C36E3A942B6CC74B002987E7 /* RequestMethod.swift */,
				C36E3A9B2B6CCE46002987E7 /* NetworkEndpoint.swift */,
				C36E3A9F2B6CD695002987E7 /* NetworkServiceManager.swift */,
				C36E3AA12B6CDB64002987E7 /* NetworkError.swift */,
			);
			path = NetworkService;
			sourceTree = "<group>";
		};
		C36E3AA32B6D066C002987E7 /* TMDBService */ = {
			isa = PBXGroup;
			children = (
				C36E3AA42B6D0691002987E7 /* TMDBEndPoint.swift */,
				C36E3AA62B6D07CE002987E7 /* TMDBConstants.swift */,
				C36E3AA82B6D0852002987E7 /* TMDBServiceManager.swift */,
			);
			path = TMDBService;
			sourceTree = "<group>";
		};
		C3AFCE1E2B7A565E002B3272 /* MovieTableView */ = {
			isa = PBXGroup;
			children = (
				C3AFCE1C2B7A54EB002B3272 /* MoviesTableView.swift */,
				C3AFCE1F2B7A56B5002B3272 /* MovieTableViewCell.swift */,
				C32B62E52B7B516400146E4C /* BlankStateView.swift */,
			);
			path = MovieTableView;
			sourceTree = "<group>";
		};
		C3AFCE242B7A5DD5002B3272 /* ViewModel */ = {
			isa = PBXGroup;
			children = (
				C3AFCE252B7A5DEF002B3272 /* SearchViewModel.swift */,
			);
			path = ViewModel;
			sourceTree = "<group>";
		};
		C3C624192B7C987600BA4062 /* Protocols */ = {
			isa = PBXGroup;
			children = (
				C3C6241A2B7C988300BA4062 /* Coordinator.swift */,
			);
			path = Protocols;
			sourceTree = "<group>";
		};
		C3C6241C2B7C992200BA4062 /* ViewModel */ = {
			isa = PBXGroup;
			children = (
				C3C6241D2B7C992F00BA4062 /* MovieDetailsViewModel.swift */,
			);
			path = ViewModel;
			sourceTree = "<group>";
		};
		C3C624252B7CB08200BA4062 /* Views */ = {
			isa = PBXGroup;
			children = (
				C3C624262B7CB09D00BA4062 /* MovieDetailsCollectionView.swift */,
				C3C624322B7CCDBB00BA4062 /* MovieOverviewCell.swift */,
				C3C6242A2B7CC5CF00BA4062 /* MovieAboutCell.swift */,
				C3C6242C2B7CC60F00BA4062 /* MovieReviewCell.swift */,
				C3C6242E2B7CC63000BA4062 /* MovieCastCell.swift */,
				C3C624342B7D014800BA4062 /* BlankStateViewCell.swift */,
			);
			path = Views;
			sourceTree = "<group>";
		};
/* End PBXGroup section */

/* Begin PBXNativeTarget section */
		C36E3A0A2B6B7598002987E7 /* MoviesApp */ = {
			isa = PBXNativeTarget;
			buildConfigurationList = C36E3A352B6B759B002987E7 /* Build configuration list for PBXNativeTarget "MoviesApp" */;
			buildPhases = (
				C36E3A072B6B7598002987E7 /* Sources */,
				C36E3A082B6B7598002987E7 /* Frameworks */,
				C36E3A092B6B7598002987E7 /* Resources */,
			);
			buildRules = (
			);
			dependencies = (
			);
			name = MoviesApp;
			packageProductDependencies = (
				C35ECF0D2B7391B20029E910 /* Kingfisher */,
			);
			productName = MoviesApp;
			productReference = C36E3A0B2B6B7598002987E7 /* MoviesApp.app */;
			productType = "com.apple.product-type.application";
		};
		C36E3A202B6B759B002987E7 /* MoviesAppTests */ = {
			isa = PBXNativeTarget;
			buildConfigurationList = C36E3A382B6B759B002987E7 /* Build configuration list for PBXNativeTarget "MoviesAppTests" */;
			buildPhases = (
				C36E3A1D2B6B759B002987E7 /* Sources */,
				C36E3A1E2B6B759B002987E7 /* Frameworks */,
				C36E3A1F2B6B759B002987E7 /* Resources */,
			);
			buildRules = (
			);
			dependencies = (
				C36E3A232B6B759B002987E7 /* PBXTargetDependency */,
			);
			name = MoviesAppTests;
			productName = MoviesAppTests;
			productReference = C36E3A212B6B759B002987E7 /* MoviesAppTests.xctest */;
			productType = "com.apple.product-type.bundle.unit-test";
		};
		C36E3A2A2B6B759B002987E7 /* MoviesAppUITests */ = {
			isa = PBXNativeTarget;
			buildConfigurationList = C36E3A3B2B6B759B002987E7 /* Build configuration list for PBXNativeTarget "MoviesAppUITests" */;
			buildPhases = (
				C36E3A272B6B759B002987E7 /* Sources */,
				C36E3A282B6B759B002987E7 /* Frameworks */,
				C36E3A292B6B759B002987E7 /* Resources */,
			);
			buildRules = (
			);
			dependencies = (
				C36E3A2D2B6B759B002987E7 /* PBXTargetDependency */,
			);
			name = MoviesAppUITests;
			productName = MoviesAppUITests;
			productReference = C36E3A2B2B6B759B002987E7 /* MoviesAppUITests.xctest */;
			productType = "com.apple.product-type.bundle.ui-testing";
		};
/* End PBXNativeTarget section */

/* Begin PBXProject section */
		C36E3A032B6B7598002987E7 /* Project object */ = {
			isa = PBXProject;
			attributes = {
				BuildIndependentTargetsInParallel = 1;
				LastSwiftUpdateCheck = 1420;
				LastUpgradeCheck = 1420;
				TargetAttributes = {
					C36E3A0A2B6B7598002987E7 = {
						CreatedOnToolsVersion = 14.2;
					};
					C36E3A202B6B759B002987E7 = {
						CreatedOnToolsVersion = 14.2;
						TestTargetID = C36E3A0A2B6B7598002987E7;
					};
					C36E3A2A2B6B759B002987E7 = {
						CreatedOnToolsVersion = 14.2;
						TestTargetID = C36E3A0A2B6B7598002987E7;
					};
				};
			};
			buildConfigurationList = C36E3A062B6B7598002987E7 /* Build configuration list for PBXProject "MoviesApp" */;
			compatibilityVersion = "Xcode 14.0";
			developmentRegion = en;
			hasScannedForEncodings = 0;
			knownRegions = (
				en,
				Base,
			);
			mainGroup = C36E3A022B6B7598002987E7;
			packageReferences = (
				C35ECF0C2B7391B20029E910 /* XCRemoteSwiftPackageReference "Kingfisher" */,
			);
			productRefGroup = C36E3A0C2B6B7598002987E7 /* Products */;
			projectDirPath = "";
			projectRoot = "";
			targets = (
				C36E3A0A2B6B7598002987E7 /* MoviesApp */,
				C36E3A202B6B759B002987E7 /* MoviesAppTests */,
				C36E3A2A2B6B759B002987E7 /* MoviesAppUITests */,
			);
		};
/* End PBXProject section */

/* Begin PBXResourcesBuildPhase section */
		C36E3A092B6B7598002987E7 /* Resources */ = {
			isa = PBXResourcesBuildPhase;
			buildActionMask = 2147483647;
			files = (
				C36E3A7B2B6BBA42002987E7 /* Poppins-Black.ttf in Resources */,
				C36E3A7C2B6BBA42002987E7 /* Poppins-Light.ttf in Resources */,
				C36E3A7D2B6BBA42002987E7 /* Poppins-BlackItalic.ttf in Resources */,
				C36E3A802B6BBA42002987E7 /* Poppins-Medium.ttf in Resources */,
				C36E3A842B6BBA42002987E7 /* Poppins-ExtraLightItalic.ttf in Resources */,
				C36E3A872B6BBA42002987E7 /* Poppins-SemiBoldItalic.ttf in Resources */,
				C36E3A762B6BBA42002987E7 /* Poppins-Italic.ttf in Resources */,
				C36E3A1B2B6B759B002987E7 /* LaunchScreen.storyboard in Resources */,
				C36E3A852B6BBA42002987E7 /* Poppins-MediumItalic.ttf in Resources */,
				C36E3A182B6B759B002987E7 /* Assets.xcassets in Resources */,
				C36E3A832B6BBA42002987E7 /* Poppins-LightItalic.ttf in Resources */,
				C36E3A7A2B6BBA42002987E7 /* Poppins-ExtraBoldItalic.ttf in Resources */,
				C36E3A7E2B6BBA42002987E7 /* Poppins-ExtraBold.ttf in Resources */,
				C36E3A812B6BBA42002987E7 /* Poppins-BoldItalic.ttf in Resources */,
				C36E3A792B6BBA42002987E7 /* Poppins-Regular.ttf in Resources */,
				C36E3A862B6BBA42002987E7 /* Poppins-ExtraLight.ttf in Resources */,
				C36E3A7F2B6BBA42002987E7 /* Poppins-SemiBold.ttf in Resources */,
				C36E3A822B6BBA42002987E7 /* Poppins-ThinItalic.ttf in Resources */,
				C36E3A772B6BBA42002987E7 /* Poppins-Bold.ttf in Resources */,
				C36E3A782B6BBA42002987E7 /* Poppins-Thin.ttf in Resources */,
			);
			runOnlyForDeploymentPostprocessing = 0;
		};
		C36E3A1F2B6B759B002987E7 /* Resources */ = {
			isa = PBXResourcesBuildPhase;
			buildActionMask = 2147483647;
			files = (
			);
			runOnlyForDeploymentPostprocessing = 0;
		};
		C36E3A292B6B759B002987E7 /* Resources */ = {
			isa = PBXResourcesBuildPhase;
			buildActionMask = 2147483647;
			files = (
			);
			runOnlyForDeploymentPostprocessing = 0;
		};
/* End PBXResourcesBuildPhase section */

/* Begin PBXSourcesBuildPhase section */
		C36E3A072B6B7598002987E7 /* Sources */ = {
			isa = PBXSourcesBuildPhase;
			buildActionMask = 2147483647;
			files = (
				C30531552B760905000A5B52 /* SearchBar.swift in Sources */,
				C3C6242F2B7CC63000BA4062 /* MovieCastCell.swift in Sources */,
				C35ECF102B7391DB0029E910 /* ImageView+Extension.swift in Sources */,
				C36E3AA02B6CD695002987E7 /* NetworkServiceManager.swift in Sources */,
				C36E3AA52B6D0691002987E7 /* TMDBEndPoint.swift in Sources */,
				C36E3A9E2B6CD35F002987E7 /* Bool+Extension.swift in Sources */,
				C36E3A0F2B6B7598002987E7 /* AppDelegate.swift in Sources */,
				C3C624172B7C96F800BA4062 /* TabBarController.swift in Sources */,
				C326AE182B7E2FE700567027 /* ViewController+Extension.swift in Sources */,
				C35ECF0B2B738D8F0029E910 /* Label+Extension.swift in Sources */,
				C3C6241E2B7C992F00BA4062 /* MovieDetailsViewModel.swift in Sources */,
				C326AE0D2B7DEA6400567027 /* PostSuccessResponse.swift in Sources */,
				C36E3A482B6B87C5002987E7 /* HomeCoordinator.swift in Sources */,
				C3C624222B7CA49900BA4062 /* MovieCast.swift in Sources */,
				C3C624272B7CB09D00BA4062 /* MovieDetailsCollectionView.swift in Sources */,
				C3C6242D2B7CC60F00BA4062 /* MovieReviewCell.swift in Sources */,
				C3C624292B7CC26A00BA4062 /* MovieDetailsAttribute.swift in Sources */,
				C36E3A552B6B8C80002987E7 /* SearchViewController.swift in Sources */,
				C3AFCE202B7A56B5002B3272 /* MovieTableViewCell.swift in Sources */,
				C39ABF882B7BE51E005E379F /* MovieDetailsViewController.swift in Sources */,
				C36E3A912B6BD318002987E7 /* BarItem+Extension.swift in Sources */,
				C36885632B72BC350037BB05 /* MoviesCollectionView.swift in Sources */,
				C36E3A8F2B6BC885002987E7 /* helpers.swift in Sources */,
				C36E3AAB2B6D14D3002987E7 /* Movie.swift in Sources */,
				C3C624352B7D014800BA4062 /* BlankStateViewCell.swift in Sources */,
				C35ECF092B736EFF0029E910 /* MovieCell.swift in Sources */,
				C36E3AA92B6D0852002987E7 /* TMDBServiceManager.swift in Sources */,
				C30531512B75FA88000A5B52 /* MovieFilter.swift in Sources */,
				C326AE112B7DF36800567027 /* WatchListViewModel.swift in Sources */,
				C3BF71C32B7B8AE7004AF3A6 /* SearchMoviesTableView.swift in Sources */,
				C3455B9A2B7213F700039773 /* HomeViewModel.swift in Sources */,
				C3AFCE1D2B7A54EB002B3272 /* MoviesTableView.swift in Sources */,
				C36E3A112B6B7598002987E7 /* SceneDelegate.swift in Sources */,
				C36E3AA22B6CDB64002987E7 /* NetworkError.swift in Sources */,
				C36E3A592B6B9BA3002987E7 /* Image+Extension.swift in Sources */,
				C326AE132B7DF74100567027 /* WatchlistMoviesTableView.swift in Sources */,
				C36E3A532B6B8C3D002987E7 /* SearchCoordinator.swift in Sources */,
				C32B62E82B7B559100146E4C /* TableView+Extension.swift in Sources */,
				C3C624332B7CCDBB00BA4062 /* MovieOverviewCell.swift in Sources */,
				C35ECF052B7356590029E910 /* SearchHeaderView.swift in Sources */,
				C32B62E62B7B516400146E4C /* BlankStateView.swift in Sources */,
				C36E3A632B6BB838002987E7 /* CALayer+Extension.swift in Sources */,
				C32B62E42B7B468200146E4C /* String+Extension.swift in Sources */,
				C35ECF032B73555A0029E910 /* TrendingMovieCell.swift in Sources */,
				C365FDBE2B7F4A360033D24E /* Notification+Extension.swift in Sources */,
				C36E3A5F2B6BADDB002987E7 /* WatchlistCoordinator.swift in Sources */,
				C3C624202B7CA17000BA4062 /* MovieDetail.swift in Sources */,
				C3AFCE262B7A5DEF002B3272 /* SearchViewModel.swift in Sources */,
				C36E3A4D2B6B8851002987E7 /* HomeViewController.swift in Sources */,
				C32B62EA2B7B7ADE00146E4C /* BlankState.swift in Sources */,
				C305315A2B7657BB000A5B52 /* Tab.swift in Sources */,
				C36E3A612B6BAE6B002987E7 /* WatchlistViewController.swift in Sources */,
				C3A4935F2B8332E100C13416 /* LoadingIndicatorCell.swift in Sources */,
				C39ABF8A2B7BE573005E379F /* MovieDetailsCoordinator.swift in Sources */,
				C3AFCE1B2B7A0EF2002B3272 /* Optional+Extension.swift in Sources */,
				C36E3A5B2B6BA178002987E7 /* Color+Extension.swift in Sources */,
				C3C624242B7CA52400BA4062 /* MovieReview.swift in Sources */,
				C35ECF132B73B8BD0029E910 /* Dictionary+Extension.swift in Sources */,
				C3C6241B2B7C988300BA4062 /* Coordinator.swift in Sources */,
				C36E3AA72B6D07CE002987E7 /* TMDBConstants.swift in Sources */,
				C36E3A892B6BBABC002987E7 /* Poppins.swift in Sources */,
				C32B62E22B7B36C000146E4C /* MovieFeatureView.swift in Sources */,
				C36E3A9C2B6CCE46002987E7 /* NetworkEndpoint.swift in Sources */,
				C36E3A5D2B6BA890002987E7 /* View+Extension.swift in Sources */,
				C3C6242B2B7CC5CF00BA4062 /* MovieAboutCell.swift in Sources */,
				C3C624312B7CCAB400BA4062 /* MovieFilterAttributeCell.swift in Sources */,
				C36E3A952B6CC74B002987E7 /* RequestMethod.swift in Sources */,
			);
			runOnlyForDeploymentPostprocessing = 0;
		};
		C36E3A1D2B6B759B002987E7 /* Sources */ = {
			isa = PBXSourcesBuildPhase;
			buildActionMask = 2147483647;
			files = (
				C36E3A262B6B759B002987E7 /* MoviesAppTests.swift in Sources */,
			);
			runOnlyForDeploymentPostprocessing = 0;
		};
		C36E3A272B6B759B002987E7 /* Sources */ = {
			isa = PBXSourcesBuildPhase;
			buildActionMask = 2147483647;
			files = (
				C36E3A302B6B759B002987E7 /* MoviesAppUITests.swift in Sources */,
				C36E3A322B6B759B002987E7 /* MoviesAppUITestsLaunchTests.swift in Sources */,
			);
			runOnlyForDeploymentPostprocessing = 0;
		};
/* End PBXSourcesBuildPhase section */

/* Begin PBXTargetDependency section */
		C36E3A232B6B759B002987E7 /* PBXTargetDependency */ = {
			isa = PBXTargetDependency;
			target = C36E3A0A2B6B7598002987E7 /* MoviesApp */;
			targetProxy = C36E3A222B6B759B002987E7 /* PBXContainerItemProxy */;
		};
		C36E3A2D2B6B759B002987E7 /* PBXTargetDependency */ = {
			isa = PBXTargetDependency;
			target = C36E3A0A2B6B7598002987E7 /* MoviesApp */;
			targetProxy = C36E3A2C2B6B759B002987E7 /* PBXContainerItemProxy */;
		};
/* End PBXTargetDependency section */

/* Begin PBXVariantGroup section */
		C36E3A192B6B759B002987E7 /* LaunchScreen.storyboard */ = {
			isa = PBXVariantGroup;
			children = (
				C36E3A1A2B6B759B002987E7 /* Base */,
			);
			name = LaunchScreen.storyboard;
			sourceTree = "<group>";
		};
/* End PBXVariantGroup section */

/* Begin XCBuildConfiguration section */
		C36E3A332B6B759B002987E7 /* Debug */ = {
			isa = XCBuildConfiguration;
			buildSettings = {
				ALWAYS_SEARCH_USER_PATHS = NO;
				CLANG_ANALYZER_NONNULL = YES;
				CLANG_ANALYZER_NUMBER_OBJECT_CONVERSION = YES_AGGRESSIVE;
				CLANG_CXX_LANGUAGE_STANDARD = "gnu++20";
				CLANG_ENABLE_MODULES = YES;
				CLANG_ENABLE_OBJC_ARC = YES;
				CLANG_ENABLE_OBJC_WEAK = YES;
				CLANG_WARN_BLOCK_CAPTURE_AUTORELEASING = YES;
				CLANG_WARN_BOOL_CONVERSION = YES;
				CLANG_WARN_COMMA = YES;
				CLANG_WARN_CONSTANT_CONVERSION = YES;
				CLANG_WARN_DEPRECATED_OBJC_IMPLEMENTATIONS = YES;
				CLANG_WARN_DIRECT_OBJC_ISA_USAGE = YES_ERROR;
				CLANG_WARN_DOCUMENTATION_COMMENTS = YES;
				CLANG_WARN_EMPTY_BODY = YES;
				CLANG_WARN_ENUM_CONVERSION = YES;
				CLANG_WARN_INFINITE_RECURSION = YES;
				CLANG_WARN_INT_CONVERSION = YES;
				CLANG_WARN_NON_LITERAL_NULL_CONVERSION = YES;
				CLANG_WARN_OBJC_IMPLICIT_RETAIN_SELF = YES;
				CLANG_WARN_OBJC_LITERAL_CONVERSION = YES;
				CLANG_WARN_OBJC_ROOT_CLASS = YES_ERROR;
				CLANG_WARN_QUOTED_INCLUDE_IN_FRAMEWORK_HEADER = YES;
				CLANG_WARN_RANGE_LOOP_ANALYSIS = YES;
				CLANG_WARN_STRICT_PROTOTYPES = YES;
				CLANG_WARN_SUSPICIOUS_MOVE = YES;
				CLANG_WARN_UNGUARDED_AVAILABILITY = YES_AGGRESSIVE;
				CLANG_WARN_UNREACHABLE_CODE = YES;
				CLANG_WARN__DUPLICATE_METHOD_MATCH = YES;
				COPY_PHASE_STRIP = NO;
				DEBUG_INFORMATION_FORMAT = dwarf;
				ENABLE_STRICT_OBJC_MSGSEND = YES;
				ENABLE_TESTABILITY = YES;
				GCC_C_LANGUAGE_STANDARD = gnu11;
				GCC_DYNAMIC_NO_PIC = NO;
				GCC_NO_COMMON_BLOCKS = YES;
				GCC_OPTIMIZATION_LEVEL = 0;
				GCC_PREPROCESSOR_DEFINITIONS = (
					"DEBUG=1",
					"$(inherited)",
				);
				GCC_WARN_64_TO_32_BIT_CONVERSION = YES;
				GCC_WARN_ABOUT_RETURN_TYPE = YES_ERROR;
				GCC_WARN_UNDECLARED_SELECTOR = YES;
				GCC_WARN_UNINITIALIZED_AUTOS = YES_AGGRESSIVE;
				GCC_WARN_UNUSED_FUNCTION = YES;
				GCC_WARN_UNUSED_VARIABLE = YES;
				IPHONEOS_DEPLOYMENT_TARGET = 16.2;
				MTL_ENABLE_DEBUG_INFO = INCLUDE_SOURCE;
				MTL_FAST_MATH = YES;
				ONLY_ACTIVE_ARCH = YES;
				SDKROOT = iphoneos;
				SWIFT_ACTIVE_COMPILATION_CONDITIONS = DEBUG;
				SWIFT_OPTIMIZATION_LEVEL = "-Onone";
			};
			name = Debug;
		};
		C36E3A342B6B759B002987E7 /* Release */ = {
			isa = XCBuildConfiguration;
			buildSettings = {
				ALWAYS_SEARCH_USER_PATHS = NO;
				CLANG_ANALYZER_NONNULL = YES;
				CLANG_ANALYZER_NUMBER_OBJECT_CONVERSION = YES_AGGRESSIVE;
				CLANG_CXX_LANGUAGE_STANDARD = "gnu++20";
				CLANG_ENABLE_MODULES = YES;
				CLANG_ENABLE_OBJC_ARC = YES;
				CLANG_ENABLE_OBJC_WEAK = YES;
				CLANG_WARN_BLOCK_CAPTURE_AUTORELEASING = YES;
				CLANG_WARN_BOOL_CONVERSION = YES;
				CLANG_WARN_COMMA = YES;
				CLANG_WARN_CONSTANT_CONVERSION = YES;
				CLANG_WARN_DEPRECATED_OBJC_IMPLEMENTATIONS = YES;
				CLANG_WARN_DIRECT_OBJC_ISA_USAGE = YES_ERROR;
				CLANG_WARN_DOCUMENTATION_COMMENTS = YES;
				CLANG_WARN_EMPTY_BODY = YES;
				CLANG_WARN_ENUM_CONVERSION = YES;
				CLANG_WARN_INFINITE_RECURSION = YES;
				CLANG_WARN_INT_CONVERSION = YES;
				CLANG_WARN_NON_LITERAL_NULL_CONVERSION = YES;
				CLANG_WARN_OBJC_IMPLICIT_RETAIN_SELF = YES;
				CLANG_WARN_OBJC_LITERAL_CONVERSION = YES;
				CLANG_WARN_OBJC_ROOT_CLASS = YES_ERROR;
				CLANG_WARN_QUOTED_INCLUDE_IN_FRAMEWORK_HEADER = YES;
				CLANG_WARN_RANGE_LOOP_ANALYSIS = YES;
				CLANG_WARN_STRICT_PROTOTYPES = YES;
				CLANG_WARN_SUSPICIOUS_MOVE = YES;
				CLANG_WARN_UNGUARDED_AVAILABILITY = YES_AGGRESSIVE;
				CLANG_WARN_UNREACHABLE_CODE = YES;
				CLANG_WARN__DUPLICATE_METHOD_MATCH = YES;
				COPY_PHASE_STRIP = NO;
				DEBUG_INFORMATION_FORMAT = "dwarf-with-dsym";
				ENABLE_NS_ASSERTIONS = NO;
				ENABLE_STRICT_OBJC_MSGSEND = YES;
				GCC_C_LANGUAGE_STANDARD = gnu11;
				GCC_NO_COMMON_BLOCKS = YES;
				GCC_WARN_64_TO_32_BIT_CONVERSION = YES;
				GCC_WARN_ABOUT_RETURN_TYPE = YES_ERROR;
				GCC_WARN_UNDECLARED_SELECTOR = YES;
				GCC_WARN_UNINITIALIZED_AUTOS = YES_AGGRESSIVE;
				GCC_WARN_UNUSED_FUNCTION = YES;
				GCC_WARN_UNUSED_VARIABLE = YES;
				IPHONEOS_DEPLOYMENT_TARGET = 16.2;
				MTL_ENABLE_DEBUG_INFO = NO;
				MTL_FAST_MATH = YES;
				SDKROOT = iphoneos;
				SWIFT_COMPILATION_MODE = wholemodule;
				SWIFT_OPTIMIZATION_LEVEL = "-O";
				VALIDATE_PRODUCT = YES;
			};
			name = Release;
		};
		C36E3A362B6B759B002987E7 /* Debug */ = {
			isa = XCBuildConfiguration;
			buildSettings = {
				ASSETCATALOG_COMPILER_APPICON_NAME = AppIcon;
				ASSETCATALOG_COMPILER_GLOBAL_ACCENT_COLOR_NAME = AccentColor;
				CODE_SIGN_STYLE = Automatic;
				CURRENT_PROJECT_VERSION = 1;
				DEVELOPMENT_TEAM = QU2K2PWLGV;
				GENERATE_INFOPLIST_FILE = YES;
				INFOPLIST_FILE = MoviesApp/Info.plist;
				INFOPLIST_KEY_UIApplicationSupportsIndirectInputEvents = YES;
				INFOPLIST_KEY_UILaunchStoryboardName = LaunchScreen;
				INFOPLIST_KEY_UISupportedInterfaceOrientations_iPad = "UIInterfaceOrientationPortrait UIInterfaceOrientationPortraitUpsideDown UIInterfaceOrientationLandscapeLeft UIInterfaceOrientationLandscapeRight";
				INFOPLIST_KEY_UISupportedInterfaceOrientations_iPhone = "UIInterfaceOrientationPortrait UIInterfaceOrientationLandscapeLeft UIInterfaceOrientationLandscapeRight";
				LD_RUNPATH_SEARCH_PATHS = (
					"$(inherited)",
					"@executable_path/Frameworks",
				);
				MARKETING_VERSION = 1.0;
				PRODUCT_BUNDLE_IDENTIFIER = ha.MoviesApp;
				PRODUCT_NAME = "$(TARGET_NAME)";
				SWIFT_EMIT_LOC_STRINGS = YES;
				SWIFT_VERSION = 5.0;
				TARGETED_DEVICE_FAMILY = "1,2";
			};
			name = Debug;
		};
		C36E3A372B6B759B002987E7 /* Release */ = {
			isa = XCBuildConfiguration;
			buildSettings = {
				ASSETCATALOG_COMPILER_APPICON_NAME = AppIcon;
				ASSETCATALOG_COMPILER_GLOBAL_ACCENT_COLOR_NAME = AccentColor;
				CODE_SIGN_STYLE = Automatic;
				CURRENT_PROJECT_VERSION = 1;
				DEVELOPMENT_TEAM = QU2K2PWLGV;
				GENERATE_INFOPLIST_FILE = YES;
				INFOPLIST_FILE = MoviesApp/Info.plist;
				INFOPLIST_KEY_UIApplicationSupportsIndirectInputEvents = YES;
				INFOPLIST_KEY_UILaunchStoryboardName = LaunchScreen;
				INFOPLIST_KEY_UISupportedInterfaceOrientations_iPad = "UIInterfaceOrientationPortrait UIInterfaceOrientationPortraitUpsideDown UIInterfaceOrientationLandscapeLeft UIInterfaceOrientationLandscapeRight";
				INFOPLIST_KEY_UISupportedInterfaceOrientations_iPhone = "UIInterfaceOrientationPortrait UIInterfaceOrientationLandscapeLeft UIInterfaceOrientationLandscapeRight";
				LD_RUNPATH_SEARCH_PATHS = (
					"$(inherited)",
					"@executable_path/Frameworks",
				);
				MARKETING_VERSION = 1.0;
				PRODUCT_BUNDLE_IDENTIFIER = ha.MoviesApp;
				PRODUCT_NAME = "$(TARGET_NAME)";
				SWIFT_EMIT_LOC_STRINGS = YES;
				SWIFT_VERSION = 5.0;
				TARGETED_DEVICE_FAMILY = "1,2";
			};
			name = Release;
		};
		C36E3A392B6B759B002987E7 /* Debug */ = {
			isa = XCBuildConfiguration;
			buildSettings = {
				ALWAYS_EMBED_SWIFT_STANDARD_LIBRARIES = YES;
				BUNDLE_LOADER = "$(TEST_HOST)";
				CODE_SIGN_STYLE = Automatic;
				CURRENT_PROJECT_VERSION = 1;
				DEVELOPMENT_TEAM = QU2K2PWLGV;
				GENERATE_INFOPLIST_FILE = YES;
				IPHONEOS_DEPLOYMENT_TARGET = 16.2;
				MARKETING_VERSION = 1.0;
				PRODUCT_BUNDLE_IDENTIFIER = ha.MoviesAppTests;
				PRODUCT_NAME = "$(TARGET_NAME)";
				SWIFT_EMIT_LOC_STRINGS = NO;
				SWIFT_VERSION = 5.0;
				TARGETED_DEVICE_FAMILY = "1,2";
				TEST_HOST = "$(BUILT_PRODUCTS_DIR)/MoviesApp.app/$(BUNDLE_EXECUTABLE_FOLDER_PATH)/MoviesApp";
			};
			name = Debug;
		};
		C36E3A3A2B6B759B002987E7 /* Release */ = {
			isa = XCBuildConfiguration;
			buildSettings = {
				ALWAYS_EMBED_SWIFT_STANDARD_LIBRARIES = YES;
				BUNDLE_LOADER = "$(TEST_HOST)";
				CODE_SIGN_STYLE = Automatic;
				CURRENT_PROJECT_VERSION = 1;
				DEVELOPMENT_TEAM = QU2K2PWLGV;
				GENERATE_INFOPLIST_FILE = YES;
				IPHONEOS_DEPLOYMENT_TARGET = 16.2;
				MARKETING_VERSION = 1.0;
				PRODUCT_BUNDLE_IDENTIFIER = ha.MoviesAppTests;
				PRODUCT_NAME = "$(TARGET_NAME)";
				SWIFT_EMIT_LOC_STRINGS = NO;
				SWIFT_VERSION = 5.0;
				TARGETED_DEVICE_FAMILY = "1,2";
				TEST_HOST = "$(BUILT_PRODUCTS_DIR)/MoviesApp.app/$(BUNDLE_EXECUTABLE_FOLDER_PATH)/MoviesApp";
			};
			name = Release;
		};
		C36E3A3C2B6B759B002987E7 /* Debug */ = {
			isa = XCBuildConfiguration;
			buildSettings = {
				ALWAYS_EMBED_SWIFT_STANDARD_LIBRARIES = YES;
				CODE_SIGN_STYLE = Automatic;
				CURRENT_PROJECT_VERSION = 1;
				DEVELOPMENT_TEAM = QU2K2PWLGV;
				GENERATE_INFOPLIST_FILE = YES;
				MARKETING_VERSION = 1.0;
				PRODUCT_BUNDLE_IDENTIFIER = ha.MoviesAppUITests;
				PRODUCT_NAME = "$(TARGET_NAME)";
				SWIFT_EMIT_LOC_STRINGS = NO;
				SWIFT_VERSION = 5.0;
				TARGETED_DEVICE_FAMILY = "1,2";
				TEST_TARGET_NAME = MoviesApp;
			};
			name = Debug;
		};
		C36E3A3D2B6B759B002987E7 /* Release */ = {
			isa = XCBuildConfiguration;
			buildSettings = {
				ALWAYS_EMBED_SWIFT_STANDARD_LIBRARIES = YES;
				CODE_SIGN_STYLE = Automatic;
				CURRENT_PROJECT_VERSION = 1;
				DEVELOPMENT_TEAM = QU2K2PWLGV;
				GENERATE_INFOPLIST_FILE = YES;
				MARKETING_VERSION = 1.0;
				PRODUCT_BUNDLE_IDENTIFIER = ha.MoviesAppUITests;
				PRODUCT_NAME = "$(TARGET_NAME)";
				SWIFT_EMIT_LOC_STRINGS = NO;
				SWIFT_VERSION = 5.0;
				TARGETED_DEVICE_FAMILY = "1,2";
				TEST_TARGET_NAME = MoviesApp;
			};
			name = Release;
		};
/* End XCBuildConfiguration section */

/* Begin XCConfigurationList section */
		C36E3A062B6B7598002987E7 /* Build configuration list for PBXProject "MoviesApp" */ = {
			isa = XCConfigurationList;
			buildConfigurations = (
				C36E3A332B6B759B002987E7 /* Debug */,
				C36E3A342B6B759B002987E7 /* Release */,
			);
			defaultConfigurationIsVisible = 0;
			defaultConfigurationName = Release;
		};
		C36E3A352B6B759B002987E7 /* Build configuration list for PBXNativeTarget "MoviesApp" */ = {
			isa = XCConfigurationList;
			buildConfigurations = (
				C36E3A362B6B759B002987E7 /* Debug */,
				C36E3A372B6B759B002987E7 /* Release */,
			);
			defaultConfigurationIsVisible = 0;
			defaultConfigurationName = Release;
		};
		C36E3A382B6B759B002987E7 /* Build configuration list for PBXNativeTarget "MoviesAppTests" */ = {
			isa = XCConfigurationList;
			buildConfigurations = (
				C36E3A392B6B759B002987E7 /* Debug */,
				C36E3A3A2B6B759B002987E7 /* Release */,
			);
			defaultConfigurationIsVisible = 0;
			defaultConfigurationName = Release;
		};
		C36E3A3B2B6B759B002987E7 /* Build configuration list for PBXNativeTarget "MoviesAppUITests" */ = {
			isa = XCConfigurationList;
			buildConfigurations = (
				C36E3A3C2B6B759B002987E7 /* Debug */,
				C36E3A3D2B6B759B002987E7 /* Release */,
			);
			defaultConfigurationIsVisible = 0;
			defaultConfigurationName = Release;
		};
/* End XCConfigurationList section */

/* Begin XCRemoteSwiftPackageReference section */
		C35ECF0C2B7391B20029E910 /* XCRemoteSwiftPackageReference "Kingfisher" */ = {
			isa = XCRemoteSwiftPackageReference;
			repositoryURL = "https://github.com/onevcat/Kingfisher.git";
			requirement = {
				branch = master;
				kind = branch;
			};
		};
/* End XCRemoteSwiftPackageReference section */

/* Begin XCSwiftPackageProductDependency section */
		C35ECF0D2B7391B20029E910 /* Kingfisher */ = {
			isa = XCSwiftPackageProductDependency;
			package = C35ECF0C2B7391B20029E910 /* XCRemoteSwiftPackageReference "Kingfisher" */;
			productName = Kingfisher;
		};
/* End XCSwiftPackageProductDependency section */
	};
	rootObject = C36E3A032B6B7598002987E7 /* Project object */;
}
